
Microsoft Visual Studio Solution File, Format Version 12.00
# Visual Studio Version 17
VisualStudioVersion = 17.8.34316.72
MinimumVisualStudioVersion = 10.0.40219.1
Project("{FAE04EC0-301F-11D3-BF4B-00C04F79EFBC}") = "ScaleSmooth", "ScaleSmooth.csproj", "{5EFB0D86-8702-4D83-8C54-E4A1A41DA943}"
EndProject
Global
	GlobalSection(SolutionConfigurationPlatforms) = preSolution
		Debug|Any CPU = Debug|Any CPU
		Release|Any CPU = Release|Any CPU
	EndGlobalSection
	GlobalSection(ProjectConfigurationPlatforms) = postSolution
		{5EFB0D86-8702-4D83-8C54-E4A1A41DA943}.Debug|Any CPU.ActiveCfg = Debug|Any CPU
		{5EFB0D86-8702-4D83-8C54-E4A1A41DA943}.Debug|Any CPU.Build.0 = Debug|Any CPU
		{5EFB0D86-8702-4D83-8C54-E4A1A41DA943}.Release|Any CPU.ActiveCfg = Release|Any CPU
		{5EFB0D86-8702-4D83-8C54-E4A1A41DA943}.Release|Any CPU.Build.0 = Release|Any CPU
	EndGlobalSection
	GlobalSection(SolutionProperties) = preSolution
		HideSolutionNode = FALSE
	EndGlobalSection
	GlobalSection(ExtensibilityGlobals) = postSolution
		SolutionGuid = {6AEBFB84-086B-461C-AD85-52AABED77675}
	EndGlobalSection
EndGlobal
